// !$*UTF8*$!
{
	archiveVersion = 1;
	classes = {
	};
	objectVersion = 46;
	objects = {

/* Begin PBXBuildFile section */
		81615B601AB1DF0100E6E5D1 /* main.m in Sources */ = {isa = PBXBuildFile; fileRef = 81615B5F1AB1DF0100E6E5D1 /* main.m */; };
		81615B671AB1DF6E00E6E5D1 /* GLNumericalModelingKit.dylib in Frameworks */ = {isa = PBXBuildFile; fileRef = 81615B661AB1DF6E00E6E5D1 /* GLNumericalModelingKit.dylib */; };
/* End PBXBuildFile section */

/* Begin PBXCopyFilesBuildPhase section */
		81615B5A1AB1DF0100E6E5D1 /* CopyFiles */ = {
			isa = PBXCopyFilesBuildPhase;
			buildActionMask = 2147483647;
			dstPath = /usr/share/man/man1/;
			dstSubfolderSpec = 0;
			files = (
			);
			runOnlyForDeploymentPostprocessing = 1;
		};
/* End PBXCopyFilesBuildPhase section */

/* Begin PBXFileReference section */
		81615B5C1AB1DF0100E6E5D1 /* SimpleIntegration */ = {isa = PBXFileReference; explicitFileType = "compiled.mach-o.executable"; includeInIndex = 0; path = SimpleIntegration; sourceTree = BUILT_PRODUCTS_DIR; };
		81615B5F1AB1DF0100E6E5D1 /* main.m */ = {isa = PBXFileReference; lastKnownFileType = sourcecode.c.objc; path = main.m; sourceTree = "<group>"; };
		81615B661AB1DF6E00E6E5D1 /* GLNumericalModelingKit.dylib */ = {isa = PBXFileReference; lastKnownFileType = "compiled.mach-o.dylib"; path = GLNumericalModelingKit.dylib; sourceTree = BUILT_PRODUCTS_DIR; };
/* End PBXFileReference section */

/* Begin PBXFrameworksBuildPhase section */
		81615B591AB1DF0100E6E5D1 /* Frameworks */ = {
			isa = PBXFrameworksBuildPhase;
			buildActionMask = 2147483647;
			files = (
				81615B671AB1DF6E00E6E5D1 /* GLNumericalModelingKit.dylib in Frameworks */,
			);
			runOnlyForDeploymentPostprocessing = 0;
		};
/* End PBXFrameworksBuildPhase section */

/* Begin PBXGroup section */
		81615B531AB1DF0100E6E5D1 = {
			isa = PBXGroup;
			children = (
				81615B661AB1DF6E00E6E5D1 /* GLNumericalModelingKit.dylib */,
				81615B5E1AB1DF0100E6E5D1 /* SimpleIntegration */,
				81615B5D1AB1DF0100E6E5D1 /* Products */,
			);
			sourceTree = "<group>";
		};
		81615B5D1AB1DF0100E6E5D1 /* Products */ = {
			isa = PBXGroup;
			children = (
				81615B5C1AB1DF0100E6E5D1 /* SimpleIntegration */,
			);
			name = Products;
			sourceTree = "<group>";
		};
		81615B5E1AB1DF0100E6E5D1 /* SimpleIntegration */ = {
			isa = PBXGroup;
			children = (
				81615B5F1AB1DF0100E6E5D1 /* main.m */,
			);
			path = SimpleIntegration;
			sourceTree = "<group>";
		};
/* End PBXGroup section */

/* Begin PBXNativeTarget section */
		81615B5B1AB1DF0100E6E5D1 /* SimpleIntegration */ = {
			isa = PBXNativeTarget;
			buildConfigurationList = 81615B631AB1DF0100E6E5D1 /* Build configuration list for PBXNativeTarget "SimpleIntegration" */;
			buildPhases = (
				81615B581AB1DF0100E6E5D1 /* Sources */,
				81615B591AB1DF0100E6E5D1 /* Frameworks */,
				81615B5A1AB1DF0100E6E5D1 /* CopyFiles */,
			);
			buildRules = (
			);
			dependencies = (
			);
			name = SimpleIntegration;
			productName = SimpleIntegration;
			productReference = 81615B5C1AB1DF0100E6E5D1 /* SimpleIntegration */;
			productType = "com.apple.product-type.tool";
		};
/* End PBXNativeTarget section */

/* Begin PBXProject section */
		81615B541AB1DF0100E6E5D1 /* Project object */ = {
			isa = PBXProject;
			attributes = {
				LastUpgradeCheck = 0620;
				ORGANIZATIONNAME = "Jeffrey J. Early";
				TargetAttributes = {
					81615B5B1AB1DF0100E6E5D1 = {
						CreatedOnToolsVersion = 6.2;
					};
				};
			};
			buildConfigurationList = 81615B571AB1DF0100E6E5D1 /* Build configuration list for PBXProject "SimpleIntegration" */;
			compatibilityVersion = "Xcode 3.2";
			developmentRegion = English;
			hasScannedForEncodings = 0;
			knownRegions = (
				en,
			);
			mainGroup = 81615B531AB1DF0100E6E5D1;
			productRefGroup = 81615B5D1AB1DF0100E6E5D1 /* Products */;
			projectDirPath = "";
			projectRoot = "";
			targets = (
				81615B5B1AB1DF0100E6E5D1 /* SimpleIntegration */,
			);
		};
/* End PBXProject section */

/* Begin PBXSourcesBuildPhase section */
		81615B581AB1DF0100E6E5D1 /* Sources */ = {
			isa = PBXSourcesBuildPhase;
			buildActionMask = 2147483647;
			files = (
				81615B601AB1DF0100E6E5D1 /* main.m in Sources */,
			);
			runOnlyForDeploymentPostprocessing = 0;
		};
/* End PBXSourcesBuildPhase section */

/* Begin XCBuildConfiguration section */
		81615B611AB1DF0100E6E5D1 /* Debug */ = {
			isa = XCBuildConfiguration;
			buildSettings = {
				ALWAYS_SEARCH_USER_PATHS = NO;
				CLANG_CXX_LANGUAGE_STANDARD = "gnu++0x";
				CLANG_CXX_LIBRARY = "libc++";
				CLANG_ENABLE_MODULES = YES;
				CLANG_ENABLE_OBJC_ARC = YES;
				CLANG_WARN_BOOL_CONVERSION = YES;
				CLANG_WARN_CONSTANT_CONVERSION = YES;
				CLANG_WARN_DIRECT_OBJC_ISA_USAGE = YES_ERROR;
				CLANG_WARN_EMPTY_BODY = YES;
				CLANG_WARN_ENUM_CONVERSION = YES;
				CLANG_WARN_INT_CONVERSION = YES;
				CLANG_WARN_OBJC_ROOT_CLASS = YES_ERROR;
				CLANG_WARN_UNREACHABLE_CODE = YES;
				CLANG_WARN__DUPLICATE_METHOD_MATCH = YES;
				COPY_PHASE_STRIP = NO;
				ENABLE_STRICT_OBJC_MSGSEND = YES;
				GCC_C_LANGUAGE_STANDARD = gnu99;
				GCC_DYNAMIC_NO_PIC = NO;
				GCC_OPTIMIZATION_LEVEL = 0;
				GCC_PREPROCESSOR_DEFINITIONS = (
					"DEBUG=1",
					"$(inherited)",
				);
				GCC_SYMBOLS_PRIVATE_EXTERN = NO;
				GCC_WARN_64_TO_32_BIT_CONVERSION = YES;
				GCC_WARN_ABOUT_RETURN_TYPE = YES_ERROR;
				GCC_WARN_UNDECLARED_SELECTOR = YES;
				GCC_WARN_UNINITIALIZED_AUTOS = YES_AGGRESSIVE;
				GCC_WARN_UNUSED_FUNCTION = YES;
				GCC_WARN_UNUSED_VARIABLE = YES;
				MACOSX_DEPLOYMENT_TARGET = 10.10;
				MTL_ENABLE_DEBUG_INFO = YES;
				ONLY_ACTIVE_ARCH = YES;
				SDKROOT = macosx;
			};
			name = Debug;
		};
		81615B621AB1DF0100E6E5D1 /* Release */ = {
			isa = XCBuildConfiguration;
			buildSettings = {
				ALWAYS_SEARCH_USER_PATHS = NO;
				CLANG_CXX_LANGUAGE_STANDARD = "gnu++0x";
				CLANG_CXX_LIBRARY = "libc++";
				CLANG_ENABLE_MODULES = YES;
				CLANG_ENABLE_OBJC_ARC = YES;
				CLANG_WARN_BOOL_CONVERSION = YES;
				CLANG_WARN_CONSTANT_CONVERSION = YES;
				CLANG_WARN_DIRECT_OBJC_ISA_USAGE = YES_ERROR;
				CLANG_WARN_EMPTY_BODY = YES;
				CLANG_WARN_ENUM_CONVERSION = YES;
				CLANG_WARN_INT_CONVERSION = YES;
				CLANG_WARN_OBJC_ROOT_CLASS = YES_ERROR;
				CLANG_WARN_UNREACHABLE_CODE = YES;
				CLANG_WARN__DUPLICATE_METHOD_MATCH = YES;
				COPY_PHASE_STRIP = NO;
				DEBUG_INFORMATION_FORMAT = "dwarf-with-dsym";
				ENABLE_NS_ASSERTIONS = NO;
				ENABLE_STRICT_OBJC_MSGSEND = YES;
				GCC_C_LANGUAGE_STANDARD = gnu99;
				GCC_WARN_64_TO_32_BIT_CONVERSION = YES;
				GCC_WARN_ABOUT_RETURN_TYPE = YES_ERROR;
				GCC_WARN_UNDECLARED_SELECTOR = YES;
				GCC_WARN_UNINITIALIZED_AUTOS = YES_AGGRESSIVE;
				GCC_WARN_UNUSED_FUNCTION = YES;
				GCC_WARN_UNUSED_VARIABLE = YES;
				MACOSX_DEPLOYMENT_TARGET = 10.10;
				MTL_ENABLE_DEBUG_INFO = NO;
				SDKROOT = macosx;
			};
			name = Release;
		};
		81615B641AB1DF0100E6E5D1 /* Debug */ = {
			isa = XCBuildConfiguration;
			buildSettings = {
				HEADER_SEARCH_PATHS = (
					"$(inherited)",
					/Applications/Xcode.app/Contents/Developer/Toolchains/XcodeDefault.xctoolchain/usr/include,
					"$(BUILT_PRODUCTS_DIR)/usr/local/include",
				);
				LIBRARY_SEARCH_PATHS = (
					"$(inherited)",
					"$(USER_LIBRARY_DIR)/Developer/Xcode/DerivedData/SimpleIntegration-eatyqgakcircnpflujdpkdqbsvdc/Build/Products/Debug",
				);
				PRODUCT_NAME = "$(TARGET_NAME)";
			};
			name = Debug;
		};
		81615B651AB1DF0100E6E5D1 /* Release */ = {
			isa = XCBuildConfiguration;
			buildSettings = {
				HEADER_SEARCH_PATHS = (
					"$(inherited)",
					/Applications/Xcode.app/Contents/Developer/Toolchains/XcodeDefault.xctoolchain/usr/include,
					"$(BUILT_PRODUCTS_DIR)/usr/local/include",
				);
				LIBRARY_SEARCH_PATHS = (
					"$(inherited)",
					"$(USER_LIBRARY_DIR)/Developer/Xcode/DerivedData/SimpleIntegration-eatyqgakcircnpflujdpkdqbsvdc/Build/Products/Debug",
				);
				PRODUCT_NAME = "$(TARGET_NAME)";
			};
			name = Release;
		};
/* End XCBuildConfiguration section */

/* Begin XCConfigurationList section */
		81615B571AB1DF0100E6E5D1 /* Build configuration list for PBXProject "SimpleIntegration" */ = {
			isa = XCConfigurationList;
			buildConfigurations = (
				81615B611AB1DF0100E6E5D1 /* Debug */,
				81615B621AB1DF0100E6E5D1 /* Release */,
			);
			defaultConfigurationIsVisible = 0;
			defaultConfigurationName = Release;
		};
		81615B631AB1DF0100E6E5D1 /* Build configuration list for PBXNativeTarget "SimpleIntegration" */ = {
			isa = XCConfigurationList;
			buildConfigurations = (
				81615B641AB1DF0100E6E5D1 /* Debug */,
				81615B651AB1DF0100E6E5D1 /* Release */,
			);
			defaultConfigurationIsVisible = 0;
			defaultConfigurationName = Release;
		};
/* End XCConfigurationList section */
	};
	rootObject = 81615B541AB1DF0100E6E5D1 /* Project object */;
}
